{
    "_meta": {
        "hash": {
            "sha256": "5a366a9bb643e58c442be9280125cf4fcd7452e71c1ad69c28444b8bdfaefc92"
        },
        "pipfile-spec": 6,
        "requires": {
            "python_version": "3.8"
        },
        "sources": [
            {
                "name": "pypi",
                "url": "https://pypi.org/simple",
                "verify_ssl": true
            }
        ]
    },
    "default": {
        "boto3": {
            "hashes": [
                "sha256:2d4095e2029ce5ceccb25591f13e55aa5b8ba17794de09963654bd9ced45158f",
                "sha256:dd15823e8c0554d98c18584d9a6a0342c67611c1114ef61495934c2e560f632c"
            ],
            "index": "pypi",
            "version": "==1.26.155"
        },
        "botocore": {
            "hashes": [
                "sha256:32d5da68212e10c060fd484f41df4f7048fc7731ccd16fd00e37b11b6e841142",
                "sha256:7fbb7ebba5f645c9750fe557b1ea789d40017a028cdaa2c22fcbf06d4a4d3c1d"
            ],
            "markers": "python_version >= '3.7'",
            "version": "==1.29.155"
        },
        "click": {
            "hashes": [
                "sha256:7682dc8afb30297001674575ea00d1814d808d6a36af415a82bd481d37ba7b8e",
                "sha256:bb4d8133cb15a609f44e8213d9b391b0809795062913b383c62be0ee95b1db48"
            ],
            "index": "pypi",
            "version": "==8.1.3"
        },
        "fsspec": {
            "hashes": [
                "sha256:1cbad1faef3e391fba6dc005ae9b5bdcbf43005c9167ce78c915549c352c869a",
                "sha256:d0b2f935446169753e7a5c5c55681c54ea91996cc67be93c39a154fb3a2742af"
            ],
            "index": "pypi",
            "version": "==2023.6.0"
        },
        "jmespath": {
            "hashes": [
                "sha256:02e2e4cc71b5bcab88332eebf907519190dd9e6e82107fa7f83b1003a6252980",
                "sha256:90261b206d6defd58fdd5e85f478bf633a2901798906be2ad389150c5c60edbe"
            ],
            "markers": "python_version >= '3.7'",
            "version": "==1.0.1"
        },
        "joblib": {
            "hashes": [
                "sha256:091138ed78f800342968c523bdde947e7a305b8594b910a0fea2ab83c3c6d385",
                "sha256:e1cee4a79e4af22881164f218d4311f60074197fb707e082e803b61f6d137018"
            ],
            "markers": "python_version >= '3.7'",
            "version": "==1.2.0"
        },
        "numpy": {
            "hashes": [
                "sha256:0ac6edfb35d2a99aaf102b509c8e9319c499ebd4978df4971b94419a116d0790",
                "sha256:26815c6c8498dc49d81faa76d61078c4f9f0859ce7817919021b9eba72b425e3",
                "sha256:4aedd08f15d3045a4e9c648f1e04daca2ab1044256959f1f95aafeeb3d794c16",
                "sha256:4c69fe5f05eea336b7a740e114dec995e2f927003c30702d896892403df6dbf0",
                "sha256:5177310ac2e63d6603f659fadc1e7bab33dd5a8db4e0596df34214eeab0fee3b",
                "sha256:5aa48bebfb41f93043a796128854b84407d4df730d3fb6e5dc36402f5cd594c0",
                "sha256:5b1b90860bf7d8a8c313b372d4f27343a54f415b20fb69dd601b7efe1029c91e",
                "sha256:6c284907e37f5e04d2412950960894b143a648dea3f79290757eb878b91acbd1",
                "sha256:6d183b5c58513f74225c376643234c369468e02947b47942eacbb23c1671f25d",
                "sha256:7412125b4f18aeddca2ecd7219ea2d2708f697943e6f624be41aa5f8a9852cc4",
                "sha256:7cd981ccc0afe49b9883f14761bb57c964df71124dcd155b0cba2b591f0d64b9",
                "sha256:85cdae87d8c136fd4da4dad1e48064d700f63e923d5af6c8c782ac0df8044542",
                "sha256:8aa130c3042052d656751df5e81f6d61edff3e289b5994edcf77f54118a8d9f4",
                "sha256:95367ccd88c07af21b379be1725b5322362bb83679d36691f124a16357390153",
                "sha256:9c7211d7920b97aeca7b3773a6783492b5b93baba39e7c36054f6e749fc7490c",
                "sha256:9e3f2b96e3b63c978bc29daaa3700c028fe3f049ea3031b58aa33fe2a5809d24",
                "sha256:b76aa836a952059d70a2788a2d98cb2a533ccd46222558b6970348939e55fc24",
                "sha256:b792164e539d99d93e4e5e09ae10f8cbe5466de7d759fc155e075237e0c274e4",
                "sha256:c0dc071017bc00abb7d7201bac06fa80333c6314477b3d10b52b58fa6a6e38f6",
                "sha256:cc3fda2b36482891db1060f00f881c77f9423eead4c3579629940a3e12095fe8",
                "sha256:d6b267f349a99d3908b56645eebf340cb58f01bd1e773b4eea1a905b3f0e4208",
                "sha256:d76a84998c51b8b68b40448ddd02bd1081bb33abcdc28beee6cd284fe11036c6",
                "sha256:e559c6afbca484072a98a51b6fa466aae785cfe89b69e8b856c3191bc8872a82",
                "sha256:ecc68f11404930e9c7ecfc937aa423e1e50158317bf67ca91736a9864eae0232",
                "sha256:f1accae9a28dc3cda46a91de86acf69de0d1b5f4edd44a9b0c3ceb8036dfff19"
            ],
            "index": "pypi",
            "version": "==1.25.0"
        },
        "pandas": {
            "hashes": [
                "sha256:02755de164da6827764ceb3bbc5f64b35cb12394b1024fdf88704d0fa06e0e2f",
                "sha256:0a1e0576611641acde15c2322228d138258f236d14b749ad9af498ab69089e2d",
                "sha256:1eb09a242184092f424b2edd06eb2b99d06dc07eeddff9929e8667d4ed44e181",
                "sha256:30a89d0fec4263ccbf96f68592fd668939481854d2ff9da709d32a047689393b",
                "sha256:50e451932b3011b61d2961b4185382c92cc8c6ee4658dcd4f320687bb2d000ee",
                "sha256:51a93d422fbb1bd04b67639ba4b5368dffc26923f3ea32a275d2cc450f1d1c86",
                "sha256:598e9020d85a8cdbaa1815eb325a91cfff2bb2b23c1442549b8a3668e36f0f77",
                "sha256:66d00300f188fa5de73f92d5725ced162488f6dc6ad4cecfe4144ca29debe3b8",
                "sha256:69167693cb8f9b3fc060956a5d0a0a8dbfed5f980d9fd2c306fb5b9c855c814c",
                "sha256:6d6d10c2142d11d40d6e6c0a190b1f89f525bcf85564707e31b0a39e3b398e08",
                "sha256:713f2f70abcdade1ddd68fc91577cb090b3544b07ceba78a12f799355a13ee44",
                "sha256:7376e13d28eb16752c398ca1d36ccfe52bf7e887067af9a0474de6331dd948d2",
                "sha256:77550c8909ebc23e56a89f91b40ad01b50c42cfbfab49b3393694a50549295ea",
                "sha256:7b21cb72958fc49ad757685db1919021d99650d7aaba676576c9e88d3889d456",
                "sha256:9ebb9f1c22ddb828e7fd017ea265a59d80461d5a79154b49a4207bd17514d122",
                "sha256:a18e5c72b989ff0f7197707ceddc99828320d0ca22ab50dd1b9e37db45b010c0",
                "sha256:a6b5f14cd24a2ed06e14255ff40fe2ea0cfaef79a8dd68069b7ace74bd6acbba",
                "sha256:b42b120458636a981077cfcfa8568c031b3e8709701315e2bfa866324a83efa8",
                "sha256:c4af689352c4fe3d75b2834933ee9d0ccdbf5d7a8a7264f0ce9524e877820c08",
                "sha256:c7319b6e68de14e6209460f72a8d1ef13c09fb3d3ef6c37c1e65b35d50b5c145",
                "sha256:cf3f0c361a4270185baa89ec7ab92ecaa355fe783791457077473f974f654df5",
                "sha256:dd46bde7309088481b1cf9c58e3f0e204b9ff9e3244f441accd220dd3365ce7c",
                "sha256:dd5476b6c3fe410ee95926873f377b856dbc4e81a9c605a0dc05aaccc6a7c6c6",
                "sha256:e69140bc2d29a8556f55445c15f5794490852af3de0f609a24003ef174528b79",
                "sha256:f908a77cbeef9bbd646bd4b81214cbef9ac3dda4181d5092a4aa9797d1bc7774"
            ],
            "index": "pypi",
            "version": "==2.0.2"
        },
        "pyarrow": {
            "hashes": [
                "sha256:051f9f5ccf585f12d7de836e50965b3c235542cc896959320d9776ab93f3b33d",
                "sha256:1887bdae17ec3b4c046fcf19951e71b6a619f39fa674f9881216173566c8f718",
                "sha256:2d3c4cbbf81e6dd23fe921bc91dc4619ea3b79bc58ef10bce0f49bdafb103daf",
                "sha256:345e1828efdbd9aa4d4de7d5676778aba384a2c3add896d995b23d368e60e5af",
                "sha256:3de26da901216149ce086920547dfff5cd22818c9eab67ebc41e863a5883bac7",
                "sha256:43364daec02f69fec89d2315f7fbfbeec956e0d991cbbef471681bd77875c40f",
                "sha256:459a1c0ed2d68671188b2118c63bac91eaef6fc150c77ddd8a583e3c795737bf",
                "sha256:6251e38470da97a5b2e00de5c6a049149f7b2bd62f12fa5dbb9ac674119ba71a",
                "sha256:6895b5fb74289d055c43db3af0de6e16b07586c45763cb5e558d38b86a91e3a7",
                "sha256:6d288029a94a9bb5407ceebdd7110ba398a00412c5b0155ee9813a40d246c5df",
                "sha256:749be7fd2ff260683f9cc739cb862fb11be376de965a2a8ccbf2693b098db6c7",
                "sha256:85e705e33eaf666bbe508a16fd5ba27ca061e177916b7a317ba5a51bee43384c",
                "sha256:8d6009fdf8986332b2169314da482baed47ac053311c8934ac6651e614deacd6",
                "sha256:9120c3eb2b1f6f516a3b7a9714ed860882d9ef98c4b17edcdc91d95b7528db60",
                "sha256:a3c63124fc26bf5f95f508f5d04e1ece8cc23a8b0af2a1e6ab2b1ec3fdc91b24",
                "sha256:b13329f79fa4472324f8d32dc1b1216616d09bd1e77cfb13104dec5463632c36",
                "sha256:bb656150d3d12ec1396f6dde542db1675a95c0cc8366d507347b0beed96e87ca",
                "sha256:be2757e9275875d2a9c6e6052ac7957fbbfc7bc7370e4a036a9b893e96fedaba",
                "sha256:c780f4dc40460015d80fcd6a6140de80b615349ed68ef9adb653fe351778c9b3",
                "sha256:cce317fc96e5b71107bf1f9f184d5e54e2bd14bbf3f9a3d62819961f0af86fec",
                "sha256:cdacf515ec276709ac8042c7d9bd5be83b4f5f39c6c037a17a60d7ebfd92c890",
                "sha256:ce4aebdf412bd0eeb800d8e47db854f9f9f7e2f5a0220440acf219ddfddd4f63",
                "sha256:cf812306d66f40f69e684300f7af5111c11f6e0d89d6b733e05a3de44961529d",
                "sha256:e0d8730c7f6e893f6db5d5b86eda42c0a130842d101992b581e2138e4d5663d3",
                "sha256:e2c9cb8eeabbadf5fcfc3d1ddea616c7ce893db2ce4dcef0ac13b099ad7ca082"
            ],
            "index": "pypi",
            "version": "==12.0.1"
        },
        "python-dateutil": {
            "hashes": [
                "sha256:0123cacc1627ae19ddf3c27a5de5bd67ee4586fbdd6440d9748f8abb483d3e86",
                "sha256:961d03dc3453ebbc59dbdea9e4e11c5651520a876d0f4db161e8674aae935da9"
            ],
            "markers": "python_version >= '2.7' and python_version not in '3.0, 3.1, 3.2, 3.3'",
            "version": "==2.8.2"
        },
        "python-dotenv": {
            "hashes": [
                "sha256:a8df96034aae6d2d50a4ebe8216326c61c3eb64836776504fcca410e5937a3ba",
                "sha256:f5971a9226b701070a4bf2c38c89e5a3f0d64de8debda981d1db98583009122a"
            ],
            "index": "pypi",
            "version": "==1.0.0"
        },
        "pytz": {
            "hashes": [
                "sha256:1d8ce29db189191fb55338ee6d0387d82ab59f3d00eac103412d64e0ebd0c588",
                "sha256:a151b3abb88eda1d4e34a9814df37de2a80e301e68ba0fd856fb9b46bfbbbffb"
            ],
            "version": "==2023.3"
        },
        "s3fs": {
            "hashes": [
                "sha256:2ca5de8dc18ad7ad350c0bd01aef0406aa5d0fff78a561f0f710f9d9858abdd0",
                "sha256:91c1dfb45e5217bd441a7a560946fe865ced6225ff7eb0fb459fe6e601a95ed3"
            ],
            "index": "pypi",
            "version": "==0.4.2"
        },
        "s3transfer": {
            "hashes": [
                "sha256:3c0da2d074bf35d6870ef157158641178a4204a6e689e82546083e31e0311346",
                "sha256:640bb492711f4c0c0905e1f62b6aaeb771881935ad27884852411f8e9cacbca9"
            ],
            "markers": "python_version >= '3.7'",
            "version": "==0.6.1"
        },
        "scikit-learn": {
            "hashes": [
                "sha256:08ef968f6b72033c16c479c966bf37ccd49b06ea91b765e1cc27afefe723920b",
                "sha256:158faf30684c92a78e12da19c73feff9641a928a8024b4fa5ec11d583f3d8a87",
                "sha256:16455ace947d8d9e5391435c2977178d0ff03a261571e67f627c8fee0f9d431a",
                "sha256:245c9b5a67445f6f044411e16a93a554edc1efdcce94d3fc0bc6a4b9ac30b752",
                "sha256:285db0352e635b9e3392b0b426bc48c3b485512d3b4ac3c7a44ec2a2ba061e66",
                "sha256:2f3b453e0b149898577e301d27e098dfe1a36943f7bb0ad704d1e548efc3b448",
                "sha256:46f431ec59dead665e1370314dbebc99ead05e1c0a9df42f22d6a0e00044820f",
                "sha256:55f2f3a8414e14fbee03782f9fe16cca0f141d639d2b1c1a36779fa069e1db57",
                "sha256:5cb33fe1dc6f73dc19e67b264dbb5dde2a0539b986435fdd78ed978c14654830",
                "sha256:75307d9ea39236cad7eea87143155eea24d48f93f3a2f9389c817f7019f00705",
                "sha256:7626a34eabbf370a638f32d1a3ad50526844ba58d63e3ab81ba91e2a7c6d037e",
                "sha256:7a93c1292799620df90348800d5ac06f3794c1316ca247525fa31169f6d25855",
                "sha256:7d6b2475f1c23a698b48515217eb26b45a6598c7b1840ba23b3c5acece658dbb",
                "sha256:80095a1e4b93bd33261ef03b9bc86d6db649f988ea4dbcf7110d0cded8d7213d",
                "sha256:85260fb430b795d806251dd3bb05e6f48cdc777ac31f2bcf2bc8bbed3270a8f5",
                "sha256:9369b030e155f8188743eb4893ac17a27f81d28a884af460870c7c072f114243",
                "sha256:a053a6a527c87c5c4fa7bf1ab2556fa16d8345cf99b6c5a19030a4a7cd8fd2c0",
                "sha256:a90b60048f9ffdd962d2ad2fb16367a87ac34d76e02550968719eb7b5716fd10",
                "sha256:a999c9f02ff9570c783069f1074f06fe7386ec65b84c983db5aeb8144356a355",
                "sha256:b1391d1a6e2268485a63c3073111fe3ba6ec5145fc957481cfd0652be571226d",
                "sha256:b54a62c6e318ddbfa7d22c383466d38d2ee770ebdb5ddb668d56a099f6eaf75f",
                "sha256:b5870959a5484b614f26d31ca4c17524b1b0317522199dc985c3b4256e030767",
                "sha256:bc3744dabc56b50bec73624aeca02e0def06b03cb287de26836e730659c5d29c",
                "sha256:d93d4c28370aea8a7cbf6015e8a669cd5d69f856cc2aa44e7a590fb805bb5583",
                "sha256:d9aac97e57c196206179f674f09bc6bffcd0284e2ba95b7fe0b402ac3f986023",
                "sha256:da3c84694ff693b5b3194d8752ccf935a665b8b5edc33a283122f4273ca3e687",
                "sha256:e174242caecb11e4abf169342641778f68e1bfaba80cd18acd6bc84286b9a534",
                "sha256:eabceab574f471de0b0eb3f2ecf2eee9f10b3106570481d007ed1c84ebf6d6a1",
                "sha256:f14517e174bd7332f1cca2c959e704696a5e0ba246eb8763e6c24876d8710049",
                "sha256:fa38a1b9b38ae1fad2863eff5e0d69608567453fdfc850c992e6e47eb764e846",
                "sha256:ff3fa8ea0e09e38677762afc6e14cad77b5e125b0ea70c9bba1992f02c93b028",
                "sha256:ff746a69ff2ef25f62b36338c615dd15954ddc3ab8e73530237dd73235e76d62"
            ],
            "index": "pypi",
            "version": "==1.0.2"
        },
        "scipy": {
            "hashes": [
                "sha256:075a9ddf34460c1a06ba568e1ea7fa34f3719f03cd9fae8323a5af1d73addfd7",
                "sha256:144387f5b586b80375b49d4cb8cf4f115a5c814c4b892d9720cd5d4d566dafac",
                "sha256:1789cb4b837a0d08aff24bc1fbd25742dfc894cca13c32f16a93dceb2b3f3a1b",
                "sha256:20843b81437a9b00add64457bd811a4efb5b5320598f9f283ce73f568b082b07",
                "sha256:3f6ce9979f227844789bfa3a048a7d045937a06eb7020bdd6526715e9a6c9659",
                "sha256:3f83431c41d83b139ad8787a61b6f9dd1604448338797796ae93ad4c41167da9",
                "sha256:49a51820e0b1e80d54b6f7b12c71be5f8e4eb36ac15d9b1ced7024d45c7f7eb3",
                "sha256:72b7eb68ee23e2c008e1b833c53af053a21a3feef210e0ec1bb92f1a67bb91f8",
                "sha256:83fccc5e2244c294e2af428199beb9f08ab30351426d2576e9955c41f4e03ef2",
                "sha256:9b1a958a506eebc5d545943d13be87b8f849aece43386d29fa1b6f0dded8af2f",
                "sha256:9d27d8a720ba25dd1a604c7ed01a8c38c62cf1b05f7df7346e8eab872a1def0b",
                "sha256:a918120e0ae3198a1470f714d88a7715952a84c62643b7a1164008d784a64cc7",
                "sha256:ac431e87465ebda0d93fd7dafe8125f66bb9797e7ead9f28f2ddd67ded8e5bda",
                "sha256:af1ce978bb354bdfdb34eb086980a76f2bf3dd4569913b138ac90aba85fae897",
                "sha256:b766e4a033cf80941357ccf19dfd284cf343a6ea40d0eec4dfba6722ce31fd01",
                "sha256:c2f8f80863053c8c8a9f29723a5ea1ef7514c40a6313db28959de7f55dff83b9",
                "sha256:ce5f5cedbbf1e899b0038f32e073d057e298b470423f11cdc5679113161b858c",
                "sha256:da6d29593864c061f2869aa2e4842dffb0770daeae9f40d9edf4d05494910fc1",
                "sha256:fe70b1dd3bd21edff0157e6aa37a4398a0e7523ba9e95936a5dcdf9f3e85dce2"
            ],
            "markers": "python_version < '3.13' and python_version >= '3.9'",
            "version": "==1.11.0rc2"
        },
        "six": {
            "hashes": [
                "sha256:1e61c37477a1626458e36f7b1d82aa5c9b094fa4802892072e49de9c60c4c926",
                "sha256:8abb2f1d86890a2dfb989f9a77cfcfd3e47c2a354b01111771326f8aa26e0254"
            ],
            "markers": "python_version >= '2.7' and python_version not in '3.0, 3.1, 3.2, 3.3'",
            "version": "==1.16.0"
        },
        "threadpoolctl": {
            "hashes": [
                "sha256:8b99adda265feb6773280df41eece7b2e6561b772d21ffd52e372f999024907b",
                "sha256:a335baacfaa4400ae1f0d8e3a58d6674d2f8828e3716bb2802c44955ad391380"
            ],
            "markers": "python_version >= '3.6'",
            "version": "==3.1.0"
        },
        "tzdata": {
            "hashes": [
                "sha256:11ef1e08e54acb0d4f95bdb1be05da659673de4acbd21bf9c69e94cc5e907a3a",
                "sha256:7e65763eef3120314099b6939b5546db7adce1e7d6f2e179e3df563c70511eda"
            ],
            "markers": "python_version >= '2'",
            "version": "==2023.3"
        },
        "urllib3": {
            "hashes": [
                "sha256:8d36afa7616d8ab714608411b4a3b13e58f463aee519024578e062e141dce20f",
                "sha256:8f135f6502756bde6b2a9b28989df5fbe87c9970cecaa69041edcce7f0589b14"
            ],
            "markers": "python_version >= '2.7' and python_version not in '3.0, 3.1, 3.2, 3.3, 3.4, 3.5'",
            "version": "==1.26.16"
        }
    },
    "develop": {}
}
